
Microsoft Visual Studio Solution File, Format Version 12.00
# Visual Studio 2012
Project("{FAE04EC0-301F-11D3-BF4B-00C04F79EFBC}") = "StereoEyetracker", "StereoEyetracker.csproj", "{1F7971F7-76DB-4145-ACB0-B2BE80419077}"
EndProject
Global
	GlobalSection(SolutionConfigurationPlatforms) = preSolution
		Debug|Any CPU = Debug|Any CPU
		Release|Any CPU = Release|Any CPU
	EndGlobalSection
	GlobalSection(ProjectConfigurationPlatforms) = postSolution
		{1F7971F7-76DB-4145-ACB0-B2BE80419077}.Debug|Any CPU.ActiveCfg = Debug|Any CPU
		{1F7971F7-76DB-4145-ACB0-B2BE80419077}.Debug|Any CPU.Build.0 = Debug|Any CPU
		{1F7971F7-76DB-4145-ACB0-B2BE80419077}.Release|Any CPU.ActiveCfg = Release|Any CPU
		{1F7971F7-76DB-4145-ACB0-B2BE80419077}.Release|Any CPU.Build.0 = Release|Any CPU
	EndGlobalSection
	GlobalSection(SolutionProperties) = preSolution
		HideSolutionNode = FALSE
	EndGlobalSection
EndGlobal
